
Microsoft Visual Studio Solution File, Format Version 12.00
# Visual Studio Version 17
VisualStudioVersion = 17.3.32901.215
MinimumVisualStudioVersion = 10.0.40219.1
Project("{888888A0-9F3D-457C-B088-3A5042F75D52}") = "sudokupy", "sudokupy\sudokupy.pyproj", "{594CBF85-968C-4A4B-9E91-2ADD756DF30B}"
EndProject
Global
	GlobalSection(SolutionConfigurationPlatforms) = preSolution
		Debug|Any CPU = Debug|Any CPU
		Release|Any CPU = Release|Any CPU
	EndGlobalSection
	GlobalSection(ProjectConfigurationPlatforms) = postSolution
		{594CBF85-968C-4A4B-9E91-2ADD756DF30B}.Debug|Any CPU.ActiveCfg = Debug|Any CPU
		{594CBF85-968C-4A4B-9E91-2ADD756DF30B}.Release|Any CPU.ActiveCfg = Release|Any CPU
	EndGlobalSection
	GlobalSection(SolutionProperties) = preSolution
		HideSolutionNode = FALSE
	EndGlobalSection
	GlobalSection(ExtensibilityGlobals) = postSolution
		SolutionGuid = {DB4AB7C4-8315-4300-BB4E-03F5F3F6F863}
	EndGlobalSection
EndGlobal
